
Microsoft Visual Studio Solution File, Format Version 12.00
# Visual Studio Version 17
VisualStudioVersion = 17.6.33723.286
MinimumVisualStudioVersion = 10.0.40219.1
Project("{9A19103F-16F7-4668-BE54-9A1E7A4F7556}") = "bot-api", "bot-api.csproj", "{2EF3B438-22D3-468C-B4FC-698CD41D4638}"
EndProject
Global
	GlobalSection(SolutionConfigurationPlatforms) = preSolution
		Debug|x64 = Debug|x64
		Release|x64 = Release|x64
	EndGlobalSection
	GlobalSection(ProjectConfigurationPlatforms) = postSolution
		{2EF3B438-22D3-468C-B4FC-698CD41D4638}.Debug|x64.ActiveCfg = Debug|x64
		{2EF3B438-22D3-468C-B4FC-698CD41D4638}.Debug|x64.Build.0 = Debug|x64
		{2EF3B438-22D3-468C-B4FC-698CD41D4638}.Release|x64.ActiveCfg = Release|x64
		{2EF3B438-22D3-468C-B4FC-698CD41D4638}.Release|x64.Build.0 = Release|x64
	EndGlobalSection
	GlobalSection(SolutionProperties) = preSolution
		HideSolutionNode = FALSE
	EndGlobalSection
	GlobalSection(ExtensibilityGlobals) = postSolution
		SolutionGuid = {3F2AF407-0E22-4269-A3C7-EF8A3DC44BDB}
	EndGlobalSection
EndGlobal
